
Microsoft Visual Studio Solution File, Format Version 12.00
# Visual Studio 14
VisualStudioVersion = 14.0.25420.1
MinimumVisualStudioVersion = 10.0.40219.1
Project("{FAE04EC0-301F-11D3-BF4B-00C04F79EFBC}") = "WindowsFormsApplication1", "WindowsFormsApplication1.csproj", "{44A8F0DB-86D1-4C43-8796-50270C252406}"
EndProject
Project("{FAE04EC0-301F-11D3-BF4B-00C04F79EFBC}") = "Capture Email", "..\Capture Outlook Emails\ConsoleApplication6\Capture Email.csproj", "{7A6AB418-8342-4FF6-8416-25A4E1A299E7}"
EndProject
Global
	GlobalSection(SolutionConfigurationPlatforms) = preSolution
		Debug|Any CPU = Debug|Any CPU
		Debug|x86 = Debug|x86
		Release|Any CPU = Release|Any CPU
		Release|x86 = Release|x86
	EndGlobalSection
	GlobalSection(ProjectConfigurationPlatforms) = postSolution
		{44A8F0DB-86D1-4C43-8796-50270C252406}.Debug|Any CPU.ActiveCfg = Debug|Any CPU
		{44A8F0DB-86D1-4C43-8796-50270C252406}.Debug|Any CPU.Build.0 = Debug|Any CPU
		{44A8F0DB-86D1-4C43-8796-50270C252406}.Debug|x86.ActiveCfg = Debug|Any CPU
		{44A8F0DB-86D1-4C43-8796-50270C252406}.Debug|x86.Build.0 = Debug|Any CPU
		{44A8F0DB-86D1-4C43-8796-50270C252406}.Release|Any CPU.ActiveCfg = Release|Any CPU
		{44A8F0DB-86D1-4C43-8796-50270C252406}.Release|Any CPU.Build.0 = Release|Any CPU
		{44A8F0DB-86D1-4C43-8796-50270C252406}.Release|x86.ActiveCfg = Release|Any CPU
		{44A8F0DB-86D1-4C43-8796-50270C252406}.Release|x86.Build.0 = Release|Any CPU
		{7A6AB418-8342-4FF6-8416-25A4E1A299E7}.Debug|Any CPU.ActiveCfg = Debug|x86
		{7A6AB418-8342-4FF6-8416-25A4E1A299E7}.Debug|x86.ActiveCfg = Debug|x86
		{7A6AB418-8342-4FF6-8416-25A4E1A299E7}.Debug|x86.Build.0 = Debug|x86
		{7A6AB418-8342-4FF6-8416-25A4E1A299E7}.Release|Any CPU.ActiveCfg = Release|x86
		{7A6AB418-8342-4FF6-8416-25A4E1A299E7}.Release|x86.ActiveCfg = Release|x86
		{7A6AB418-8342-4FF6-8416-25A4E1A299E7}.Release|x86.Build.0 = Release|x86
	EndGlobalSection
	GlobalSection(SolutionProperties) = preSolution
		HideSolutionNode = FALSE
	EndGlobalSection
EndGlobal
